// !$*UTF8*$!
{
	archiveVersion = 1;
	classes = {
	};
	objectVersion = 50;
	objects = {

/* Begin PBXBuildFile section */
		33E326E6233C8533006E98AC /* SeoulMainPark.swift in Sources */ = {isa = PBXBuildFile; fileRef = 33E326E5233C8533006E98AC /* SeoulMainPark.swift */; };
		33E326E8233C88E9006E98AC /* ParkViewController.swift in Sources */ = {isa = PBXBuildFile; fileRef = 33E326E7233C88E9006E98AC /* ParkViewController.swift */; };
		33E326EB233C8D58006E98AC /* SeoulMainParkDataSource.swift in Sources */ = {isa = PBXBuildFile; fileRef = 33E326EA233C8D58006E98AC /* SeoulMainParkDataSource.swift */; };
		33E326ED233C9058006E98AC /* ParkTableViewCell.swift in Sources */ = {isa = PBXBuildFile; fileRef = 33E326EC233C9058006E98AC /* ParkTableViewCell.swift */; };
		C58DC2A2232E4C17008D156D /* AppDelegate.swift in Sources */ = {isa = PBXBuildFile; fileRef = C58DC2A1232E4C17008D156D /* AppDelegate.swift */; };
		C58DC2A4232E4C17008D156D /* ViewController.swift in Sources */ = {isa = PBXBuildFile; fileRef = C58DC2A3232E4C17008D156D /* ViewController.swift */; };
		C58DC2A7232E4C17008D156D /* Main.storyboard in Resources */ = {isa = PBXBuildFile; fileRef = C58DC2A5232E4C17008D156D /* Main.storyboard */; };
		C58DC2A9232E4C1B008D156D /* Assets.xcassets in Resources */ = {isa = PBXBuildFile; fileRef = C58DC2A8232E4C1B008D156D /* Assets.xcassets */; };
		C58DC2AC232E4C1B008D156D /* LaunchScreen.storyboard in Resources */ = {isa = PBXBuildFile; fileRef = C58DC2AA232E4C1B008D156D /* LaunchScreen.storyboard */; };
		C5E76FA8233CB34000CB72FB /* SeoulMainParkList.json in Resources */ = {isa = PBXBuildFile; fileRef = C5E76FA7233CB34000CB72FB /* SeoulMainParkList.json */; };
		C5E76FB7233DDE7A00CB72FB /* UIWeatherViewController.swift in Sources */ = {isa = PBXBuildFile; fileRef = C5E76FB5233DDE7A00CB72FB /* UIWeatherViewController.swift */; };
		C5E76FB8233DDE7A00CB72FB /* UIWeatherViewController.xib in Resources */ = {isa = PBXBuildFile; fileRef = C5E76FB6233DDE7A00CB72FB /* UIWeatherViewController.xib */; };
		C5E76FBA233DDFB600CB72FB /* WeatherDTO.swift in Sources */ = {isa = PBXBuildFile; fileRef = C5E76FB9233DDFB600CB72FB /* WeatherDTO.swift */; };
		C5E76FBE233DDFD800CB72FB /* Daily.swift in Sources */ = {isa = PBXBuildFile; fileRef = C5E76FBD233DDFD800CB72FB /* Daily.swift */; };
		C5E76FC0233DDFE300CB72FB /* Hourly.swift in Sources */ = {isa = PBXBuildFile; fileRef = C5E76FBF233DDFE300CB72FB /* Hourly.swift */; };
		C5E76FC2233DDFF300CB72FB /* Currently.swift in Sources */ = {isa = PBXBuildFile; fileRef = C5E76FC1233DDFF300CB72FB /* Currently.swift */; };
		C5E76FC7233DE06200CB72FB /* SeoulAirPollutionInfo.swift in Sources */ = {isa = PBXBuildFile; fileRef = C5E76FC6233DE06200CB72FB /* SeoulAirPollutionInfo.swift */; };
		C5E76FC9233DE24400CB72FB /* SeoulAirQualityReceiver.swift in Sources */ = {isa = PBXBuildFile; fileRef = C5E76FC8233DE24400CB72FB /* SeoulAirQualityReceiver.swift */; };
		C5E76FCC233DE2C500CB72FB /* ApiURL.swift in Sources */ = {isa = PBXBuildFile; fileRef = C5E76FCB233DE2C500CB72FB /* ApiURL.swift */; };
		C5E76FCE233DE55D00CB72FB /* WeatherReceiver.swift in Sources */ = {isa = PBXBuildFile; fileRef = C5E76FCD233DE55D00CB72FB /* WeatherReceiver.swift */; };
		C5E76FD2233DE66900CB72FB /* SeoulWeatherQualityAPIs.swift in Sources */ = {isa = PBXBuildFile; fileRef = C5E76FD1233DE66900CB72FB /* SeoulWeatherQualityAPIs.swift */; };
		C5E76FD6233DE72300CB72FB /* Units.swift in Sources */ = {isa = PBXBuildFile; fileRef = C5E76FD5233DE72300CB72FB /* Units.swift */; };
		C5E76FD8233DE72B00CB72FB /* SeoulStandardCoordinate.swift in Sources */ = {isa = PBXBuildFile; fileRef = C5E76FD7233DE72B00CB72FB /* SeoulStandardCoordinate.swift */; };
/* End PBXBuildFile section */

/* Begin PBXFileReference section */
		33E326E5233C8533006E98AC /* SeoulMainPark.swift */ = {isa = PBXFileReference; lastKnownFileType = sourcecode.swift; path = SeoulMainPark.swift; sourceTree = "<group>"; };
		33E326E7233C88E9006E98AC /* ParkViewController.swift */ = {isa = PBXFileReference; lastKnownFileType = sourcecode.swift; path = ParkViewController.swift; sourceTree = "<group>"; };
		33E326EA233C8D58006E98AC /* SeoulMainParkDataSource.swift */ = {isa = PBXFileReference; lastKnownFileType = sourcecode.swift; path = SeoulMainParkDataSource.swift; sourceTree = "<group>"; };
		33E326EC233C9058006E98AC /* ParkTableViewCell.swift */ = {isa = PBXFileReference; lastKnownFileType = sourcecode.swift; path = ParkTableViewCell.swift; sourceTree = "<group>"; };
		C58DC29E232E4C17008D156D /* IWalkU.app */ = {isa = PBXFileReference; explicitFileType = wrapper.application; includeInIndex = 0; path = IWalkU.app; sourceTree = BUILT_PRODUCTS_DIR; };
		C58DC2A1232E4C17008D156D /* AppDelegate.swift */ = {isa = PBXFileReference; lastKnownFileType = sourcecode.swift; path = AppDelegate.swift; sourceTree = "<group>"; };
		C58DC2A3232E4C17008D156D /* ViewController.swift */ = {isa = PBXFileReference; lastKnownFileType = sourcecode.swift; path = ViewController.swift; sourceTree = "<group>"; };
		C58DC2A6232E4C17008D156D /* Base */ = {isa = PBXFileReference; lastKnownFileType = file.storyboard; name = Base; path = Base.lproj/Main.storyboard; sourceTree = "<group>"; };
		C58DC2A8232E4C1B008D156D /* Assets.xcassets */ = {isa = PBXFileReference; lastKnownFileType = folder.assetcatalog; path = Assets.xcassets; sourceTree = "<group>"; };
		C58DC2AB232E4C1B008D156D /* Base */ = {isa = PBXFileReference; lastKnownFileType = file.storyboard; name = Base; path = Base.lproj/LaunchScreen.storyboard; sourceTree = "<group>"; };
		C58DC2AD232E4C1B008D156D /* Info.plist */ = {isa = PBXFileReference; lastKnownFileType = text.plist.xml; path = Info.plist; sourceTree = "<group>"; };
		C5E76FA7233CB34000CB72FB /* SeoulMainParkList.json */ = {isa = PBXFileReference; fileEncoding = 4; lastKnownFileType = text.json; path = SeoulMainParkList.json; sourceTree = "<group>"; };
		C5E76FB5233DDE7A00CB72FB /* UIWeatherViewController.swift */ = {isa = PBXFileReference; lastKnownFileType = sourcecode.swift; path = UIWeatherViewController.swift; sourceTree = "<group>"; };
		C5E76FB6233DDE7A00CB72FB /* UIWeatherViewController.xib */ = {isa = PBXFileReference; lastKnownFileType = file.xib; path = UIWeatherViewController.xib; sourceTree = "<group>"; };
		C5E76FB9233DDFB600CB72FB /* WeatherDTO.swift */ = {isa = PBXFileReference; lastKnownFileType = sourcecode.swift; path = WeatherDTO.swift; sourceTree = "<group>"; };
		C5E76FBD233DDFD800CB72FB /* Daily.swift */ = {isa = PBXFileReference; lastKnownFileType = sourcecode.swift; path = Daily.swift; sourceTree = "<group>"; };
		C5E76FBF233DDFE300CB72FB /* Hourly.swift */ = {isa = PBXFileReference; lastKnownFileType = sourcecode.swift; path = Hourly.swift; sourceTree = "<group>"; };
		C5E76FC1233DDFF300CB72FB /* Currently.swift */ = {isa = PBXFileReference; lastKnownFileType = sourcecode.swift; path = Currently.swift; sourceTree = "<group>"; };
		C5E76FC6233DE06200CB72FB /* SeoulAirPollutionInfo.swift */ = {isa = PBXFileReference; lastKnownFileType = sourcecode.swift; path = SeoulAirPollutionInfo.swift; sourceTree = "<group>"; };
		C5E76FC8233DE24400CB72FB /* SeoulAirQualityReceiver.swift */ = {isa = PBXFileReference; lastKnownFileType = sourcecode.swift; path = SeoulAirQualityReceiver.swift; sourceTree = "<group>"; };
		C5E76FCB233DE2C500CB72FB /* ApiURL.swift */ = {isa = PBXFileReference; lastKnownFileType = sourcecode.swift; path = ApiURL.swift; sourceTree = "<group>"; };
		C5E76FCD233DE55D00CB72FB /* WeatherReceiver.swift */ = {isa = PBXFileReference; lastKnownFileType = sourcecode.swift; path = WeatherReceiver.swift; sourceTree = "<group>"; };
		C5E76FD1233DE66900CB72FB /* SeoulWeatherQualityAPIs.swift */ = {isa = PBXFileReference; lastKnownFileType = sourcecode.swift; path = SeoulWeatherQualityAPIs.swift; sourceTree = "<group>"; };
		C5E76FD5233DE72300CB72FB /* Units.swift */ = {isa = PBXFileReference; lastKnownFileType = sourcecode.swift; path = Units.swift; sourceTree = "<group>"; };
		C5E76FD7233DE72B00CB72FB /* SeoulStandardCoordinate.swift */ = {isa = PBXFileReference; lastKnownFileType = sourcecode.swift; path = SeoulStandardCoordinate.swift; sourceTree = "<group>"; };
/* End PBXFileReference section */

/* Begin PBXFrameworksBuildPhase section */
		C58DC29B232E4C17008D156D /* Frameworks */ = {
			isa = PBXFrameworksBuildPhase;
			buildActionMask = 2147483647;
			files = (
			);
			runOnlyForDeploymentPostprocessing = 0;
		};
/* End PBXFrameworksBuildPhase section */

/* Begin PBXGroup section */
		33E326E4233C8516006E98AC /* Model */ = {
			isa = PBXGroup;
			children = (
				33E326E5233C8533006E98AC /* SeoulMainPark.swift */,
				C5E76FAE233DDDD000CB72FB /* Weather */,
			);
			path = Model;
			sourceTree = "<group>";
		};
		33E326E9233C8D31006E98AC /* View */ = {
			isa = PBXGroup;
			children = (
				33E326EA233C8D58006E98AC /* SeoulMainParkDataSource.swift */,
				33E326EC233C9058006E98AC /* ParkTableViewCell.swift */,
			);
			path = View;
			sourceTree = "<group>";
		};
		C58DC295232E4C17008D156D = {
			isa = PBXGroup;
			children = (
				C58DC2A0232E4C17008D156D /* IWalkU */,
				C58DC29F232E4C17008D156D /* Products */,
			);
			sourceTree = "<group>";
		};
		C58DC29F232E4C17008D156D /* Products */ = {
			isa = PBXGroup;
			children = (
				C58DC29E232E4C17008D156D /* IWalkU.app */,
			);
			name = Products;
			sourceTree = "<group>";
		};
		C58DC2A0232E4C17008D156D /* IWalkU */ = {
			isa = PBXGroup;
			children = (
				C5E76FA7233CB34000CB72FB /* SeoulMainParkList.json */,
				33E326E9233C8D31006E98AC /* View */,
				33E326E4233C8516006E98AC /* Model */,
				C58DC2A1232E4C17008D156D /* AppDelegate.swift */,
				C58DC2A3232E4C17008D156D /* ViewController.swift */,
				C58DC2A5232E4C17008D156D /* Main.storyboard */,
				C58DC2A8232E4C1B008D156D /* Assets.xcassets */,
				C58DC2AA232E4C1B008D156D /* LaunchScreen.storyboard */,
				C5E76FB5233DDE7A00CB72FB /* UIWeatherViewController.swift */,
				C5E76FB6233DDE7A00CB72FB /* UIWeatherViewController.xib */,
				C58DC2AD232E4C1B008D156D /* Info.plist */,
				33E326E7233C88E9006E98AC /* ParkViewController.swift */,
			);
			path = IWalkU;
			sourceTree = "<group>";
		};
		C5E76FAE233DDDD000CB72FB /* Weather */ = {
			isa = PBXGroup;
			children = (
				C5E76FCA233DE2B200CB72FB /* enums */,
				C5E76FC4233DE01D00CB72FB /* SeoulAirQualityInfoDTO */,
				C5E76FC3233DDFFE00CB72FB /* DarkSkyWeatherDTO */,
			);
			path = Weather;
			sourceTree = "<group>";
		};
		C5E76FC3233DDFFE00CB72FB /* DarkSkyWeatherDTO */ = {
			isa = PBXGroup;
			children = (
				C5E76FCD233DE55D00CB72FB /* WeatherReceiver.swift */,
				C5E76FB9233DDFB600CB72FB /* WeatherDTO.swift */,
				C5E76FBD233DDFD800CB72FB /* Daily.swift */,
				C5E76FBF233DDFE300CB72FB /* Hourly.swift */,
				C5E76FC1233DDFF300CB72FB /* Currently.swift */,
			);
			path = DarkSkyWeatherDTO;
			sourceTree = "<group>";
		};
		C5E76FC4233DE01D00CB72FB /* SeoulAirQualityInfoDTO */ = {
			isa = PBXGroup;
			children = (
				C5E76FC6233DE06200CB72FB /* SeoulAirPollutionInfo.swift */,
				C5E76FC8233DE24400CB72FB /* SeoulAirQualityReceiver.swift */,
			);
			path = SeoulAirQualityInfoDTO;
			sourceTree = "<group>";
		};
		C5E76FCA233DE2B200CB72FB /* enums */ = {
			isa = PBXGroup;
			children = (
				C5E76FD0233DE63C00CB72FB /* WeatherEnums */,
				C5E76FCF233DE62C00CB72FB /* SeoulAirPollutionEnums */,
				C5E76FCB233DE2C500CB72FB /* ApiURL.swift */,
			);
			path = enums;
			sourceTree = "<group>";
		};
		C5E76FCF233DE62C00CB72FB /* SeoulAirPollutionEnums */ = {
			isa = PBXGroup;
			children = (
				C5E76FD1233DE66900CB72FB /* SeoulWeatherQualityAPIs.swift */,
			);
			path = SeoulAirPollutionEnums;
			sourceTree = "<group>";
		};
		C5E76FD0233DE63C00CB72FB /* WeatherEnums */ = {
			isa = PBXGroup;
			children = (
				C5E76FD5233DE72300CB72FB /* Units.swift */,
				C5E76FD7233DE72B00CB72FB /* SeoulStandardCoordinate.swift */,
			);
			path = WeatherEnums;
			sourceTree = "<group>";
		};
/* End PBXGroup section */

/* Begin PBXNativeTarget section */
		C58DC29D232E4C17008D156D /* IWalkU */ = {
			isa = PBXNativeTarget;
			buildConfigurationList = C58DC2B0232E4C1B008D156D /* Build configuration list for PBXNativeTarget "IWalkU" */;
			buildPhases = (
				C58DC29A232E4C17008D156D /* Sources */,
				C58DC29B232E4C17008D156D /* Frameworks */,
				C58DC29C232E4C17008D156D /* Resources */,
			);
			buildRules = (
			);
			dependencies = (
			);
			name = IWalkU;
			productName = IWalkU;
			productReference = C58DC29E232E4C17008D156D /* IWalkU.app */;
			productType = "com.apple.product-type.application";
		};
/* End PBXNativeTarget section */

/* Begin PBXProject section */
		C58DC296232E4C17008D156D /* Project object */ = {
			isa = PBXProject;
			attributes = {
				LastSwiftUpdateCheck = 1030;
				LastUpgradeCheck = 1030;
				ORGANIZATIONNAME = DandD;
				TargetAttributes = {
					C58DC29D232E4C17008D156D = {
						CreatedOnToolsVersion = 10.3;
					};
				};
			};
			buildConfigurationList = C58DC299232E4C17008D156D /* Build configuration list for PBXProject "IWalkU" */;
			compatibilityVersion = "Xcode 9.3";
			developmentRegion = en;
			hasScannedForEncodings = 0;
			knownRegions = (
				en,
				Base,
			);
			mainGroup = C58DC295232E4C17008D156D;
			productRefGroup = C58DC29F232E4C17008D156D /* Products */;
			projectDirPath = "";
			projectRoot = "";
			targets = (
				C58DC29D232E4C17008D156D /* IWalkU */,
			);
		};
/* End PBXProject section */

/* Begin PBXResourcesBuildPhase section */
		C58DC29C232E4C17008D156D /* Resources */ = {
			isa = PBXResourcesBuildPhase;
			buildActionMask = 2147483647;
			files = (
				C58DC2AC232E4C1B008D156D /* LaunchScreen.storyboard in Resources */,
				C5E76FA8233CB34000CB72FB /* SeoulMainParkList.json in Resources */,
				C5E76FB8233DDE7A00CB72FB /* UIWeatherViewController.xib in Resources */,
				C58DC2A9232E4C1B008D156D /* Assets.xcassets in Resources */,
				C58DC2A7232E4C17008D156D /* Main.storyboard in Resources */,
			);
			runOnlyForDeploymentPostprocessing = 0;
		};
/* End PBXResourcesBuildPhase section */

/* Begin PBXSourcesBuildPhase section */
		C58DC29A232E4C17008D156D /* Sources */ = {
			isa = PBXSourcesBuildPhase;
			buildActionMask = 2147483647;
			files = (
				C5E76FC0233DDFE300CB72FB /* Hourly.swift in Sources */,
				C5E76FC9233DE24400CB72FB /* SeoulAirQualityReceiver.swift in Sources */,
				33E326E8233C88E9006E98AC /* ParkViewController.swift in Sources */,
				C5E76FC2233DDFF300CB72FB /* Currently.swift in Sources */,
				C5E76FBE233DDFD800CB72FB /* Daily.swift in Sources */,
				C5E76FCE233DE55D00CB72FB /* WeatherReceiver.swift in Sources */,
				C5E76FCC233DE2C500CB72FB /* ApiURL.swift in Sources */,
				C5E76FD6233DE72300CB72FB /* Units.swift in Sources */,
				C5E76FB7233DDE7A00CB72FB /* UIWeatherViewController.swift in Sources */,
				C5E76FBA233DDFB600CB72FB /* WeatherDTO.swift in Sources */,
				C58DC2A4232E4C17008D156D /* ViewController.swift in Sources */,
				C5E76FC7233DE06200CB72FB /* SeoulAirPollutionInfo.swift in Sources */,
				C5E76FD2233DE66900CB72FB /* SeoulWeatherQualityAPIs.swift in Sources */,
				C5E76FD8233DE72B00CB72FB /* SeoulStandardCoordinate.swift in Sources */,
				C58DC2A2232E4C17008D156D /* AppDelegate.swift in Sources */,
				33E326ED233C9058006E98AC /* ParkTableViewCell.swift in Sources */,
				33E326E6233C8533006E98AC /* SeoulMainPark.swift in Sources */,
				33E326EB233C8D58006E98AC /* SeoulMainParkDataSource.swift in Sources */,
			);
			runOnlyForDeploymentPostprocessing = 0;
		};
/* End PBXSourcesBuildPhase section */

/* Begin PBXVariantGroup section */
		C58DC2A5232E4C17008D156D /* Main.storyboard */ = {
			isa = PBXVariantGroup;
			children = (
				C58DC2A6232E4C17008D156D /* Base */,
			);
			name = Main.storyboard;
			sourceTree = "<group>";
		};
		C58DC2AA232E4C1B008D156D /* LaunchScreen.storyboard */ = {
			isa = PBXVariantGroup;
			children = (
				C58DC2AB232E4C1B008D156D /* Base */,
			);
			name = LaunchScreen.storyboard;
			sourceTree = "<group>";
		};
/* End PBXVariantGroup section */

/* Begin XCBuildConfiguration section */
		C58DC2AE232E4C1B008D156D /* Debug */ = {
			isa = XCBuildConfiguration;
			buildSettings = {
				ALWAYS_SEARCH_USER_PATHS = NO;
				CLANG_ANALYZER_NONNULL = YES;
				CLANG_ANALYZER_NUMBER_OBJECT_CONVERSION = YES_AGGRESSIVE;
				CLANG_CXX_LANGUAGE_STANDARD = "gnu++14";
				CLANG_CXX_LIBRARY = "libc++";
				CLANG_ENABLE_MODULES = YES;
				CLANG_ENABLE_OBJC_ARC = YES;
				CLANG_ENABLE_OBJC_WEAK = YES;
				CLANG_WARN_BLOCK_CAPTURE_AUTORELEASING = YES;
				CLANG_WARN_BOOL_CONVERSION = YES;
				CLANG_WARN_COMMA = YES;
				CLANG_WARN_CONSTANT_CONVERSION = YES;
				CLANG_WARN_DEPRECATED_OBJC_IMPLEMENTATIONS = YES;
				CLANG_WARN_DIRECT_OBJC_ISA_USAGE = YES_ERROR;
				CLANG_WARN_DOCUMENTATION_COMMENTS = YES;
				CLANG_WARN_EMPTY_BODY = YES;
				CLANG_WARN_ENUM_CONVERSION = YES;
				CLANG_WARN_INFINITE_RECURSION = YES;
				CLANG_WARN_INT_CONVERSION = YES;
				CLANG_WARN_NON_LITERAL_NULL_CONVERSION = YES;
				CLANG_WARN_OBJC_IMPLICIT_RETAIN_SELF = YES;
				CLANG_WARN_OBJC_LITERAL_CONVERSION = YES;
				CLANG_WARN_OBJC_ROOT_CLASS = YES_ERROR;
				CLANG_WARN_RANGE_LOOP_ANALYSIS = YES;
				CLANG_WARN_STRICT_PROTOTYPES = YES;
				CLANG_WARN_SUSPICIOUS_MOVE = YES;
				CLANG_WARN_UNGUARDED_AVAILABILITY = YES_AGGRESSIVE;
				CLANG_WARN_UNREACHABLE_CODE = YES;
				CLANG_WARN__DUPLICATE_METHOD_MATCH = YES;
				CODE_SIGN_IDENTITY = "iPhone Developer";
				COPY_PHASE_STRIP = NO;
				DEBUG_INFORMATION_FORMAT = dwarf;
				ENABLE_STRICT_OBJC_MSGSEND = YES;
				ENABLE_TESTABILITY = YES;
				GCC_C_LANGUAGE_STANDARD = gnu11;
				GCC_DYNAMIC_NO_PIC = NO;
				GCC_NO_COMMON_BLOCKS = YES;
				GCC_OPTIMIZATION_LEVEL = 0;
				GCC_PREPROCESSOR_DEFINITIONS = (
					"DEBUG=1",
					"$(inherited)",
				);
				GCC_WARN_64_TO_32_BIT_CONVERSION = YES;
				GCC_WARN_ABOUT_RETURN_TYPE = YES_ERROR;
				GCC_WARN_UNDECLARED_SELECTOR = YES;
				GCC_WARN_UNINITIALIZED_AUTOS = YES_AGGRESSIVE;
				GCC_WARN_UNUSED_FUNCTION = YES;
				GCC_WARN_UNUSED_VARIABLE = YES;
				IPHONEOS_DEPLOYMENT_TARGET = 12.4;
				MTL_ENABLE_DEBUG_INFO = INCLUDE_SOURCE;
				MTL_FAST_MATH = YES;
				ONLY_ACTIVE_ARCH = YES;
				SDKROOT = iphoneos;
				SWIFT_ACTIVE_COMPILATION_CONDITIONS = DEBUG;
				SWIFT_OPTIMIZATION_LEVEL = "-Onone";
			};
			name = Debug;
		};
		C58DC2AF232E4C1B008D156D /* Release */ = {
			isa = XCBuildConfiguration;
			buildSettings = {
				ALWAYS_SEARCH_USER_PATHS = NO;
				CLANG_ANALYZER_NONNULL = YES;
				CLANG_ANALYZER_NUMBER_OBJECT_CONVERSION = YES_AGGRESSIVE;
				CLANG_CXX_LANGUAGE_STANDARD = "gnu++14";
				CLANG_CXX_LIBRARY = "libc++";
				CLANG_ENABLE_MODULES = YES;
				CLANG_ENABLE_OBJC_ARC = YES;
				CLANG_ENABLE_OBJC_WEAK = YES;
				CLANG_WARN_BLOCK_CAPTURE_AUTORELEASING = YES;
				CLANG_WARN_BOOL_CONVERSION = YES;
				CLANG_WARN_COMMA = YES;
				CLANG_WARN_CONSTANT_CONVERSION = YES;
				CLANG_WARN_DEPRECATED_OBJC_IMPLEMENTATIONS = YES;
				CLANG_WARN_DIRECT_OBJC_ISA_USAGE = YES_ERROR;
				CLANG_WARN_DOCUMENTATION_COMMENTS = YES;
				CLANG_WARN_EMPTY_BODY = YES;
				CLANG_WARN_ENUM_CONVERSION = YES;
				CLANG_WARN_INFINITE_RECURSION = YES;
				CLANG_WARN_INT_CONVERSION = YES;
				CLANG_WARN_NON_LITERAL_NULL_CONVERSION = YES;
				CLANG_WARN_OBJC_IMPLICIT_RETAIN_SELF = YES;
				CLANG_WARN_OBJC_LITERAL_CONVERSION = YES;
				CLANG_WARN_OBJC_ROOT_CLASS = YES_ERROR;
				CLANG_WARN_RANGE_LOOP_ANALYSIS = YES;
				CLANG_WARN_STRICT_PROTOTYPES = YES;
				CLANG_WARN_SUSPICIOUS_MOVE = YES;
				CLANG_WARN_UNGUARDED_AVAILABILITY = YES_AGGRESSIVE;
				CLANG_WARN_UNREACHABLE_CODE = YES;
				CLANG_WARN__DUPLICATE_METHOD_MATCH = YES;
				CODE_SIGN_IDENTITY = "iPhone Developer";
				COPY_PHASE_STRIP = NO;
				DEBUG_INFORMATION_FORMAT = "dwarf-with-dsym";
				ENABLE_NS_ASSERTIONS = NO;
				ENABLE_STRICT_OBJC_MSGSEND = YES;
				GCC_C_LANGUAGE_STANDARD = gnu11;
				GCC_NO_COMMON_BLOCKS = YES;
				GCC_WARN_64_TO_32_BIT_CONVERSION = YES;
				GCC_WARN_ABOUT_RETURN_TYPE = YES_ERROR;
				GCC_WARN_UNDECLARED_SELECTOR = YES;
				GCC_WARN_UNINITIALIZED_AUTOS = YES_AGGRESSIVE;
				GCC_WARN_UNUSED_FUNCTION = YES;
				GCC_WARN_UNUSED_VARIABLE = YES;
				IPHONEOS_DEPLOYMENT_TARGET = 12.4;
				MTL_ENABLE_DEBUG_INFO = NO;
				MTL_FAST_MATH = YES;
				SDKROOT = iphoneos;
				SWIFT_COMPILATION_MODE = wholemodule;
				SWIFT_OPTIMIZATION_LEVEL = "-O";
				VALIDATE_PRODUCT = YES;
			};
			name = Release;
		};
		C58DC2B1232E4C1B008D156D /* Debug */ = {
			isa = XCBuildConfiguration;
			buildSettings = {
				ASSETCATALOG_COMPILER_APPICON_NAME = AppIcon;
				CODE_SIGN_STYLE = Automatic;
				DEVELOPMENT_TEAM = 5288FA2S2C;
				INFOPLIST_FILE = IWalkU/Info.plist;
				LD_RUNPATH_SEARCH_PATHS = (
					"$(inherited)",
					"@executable_path/Frameworks",
				);
				PRODUCT_BUNDLE_IDENTIFIER = kr.codesquard.IWalkU;
				PRODUCT_NAME = "$(TARGET_NAME)";
				SWIFT_VERSION = 5.0;
				TARGETED_DEVICE_FAMILY = "1,2";
			};
			name = Debug;
		};
		C58DC2B2232E4C1B008D156D /* Release */ = {
			isa = XCBuildConfiguration;
			buildSettings = {
				ASSETCATALOG_COMPILER_APPICON_NAME = AppIcon;
				CODE_SIGN_STYLE = Automatic;
				DEVELOPMENT_TEAM = 5288FA2S2C;
				INFOPLIST_FILE = IWalkU/Info.plist;
				LD_RUNPATH_SEARCH_PATHS = (
					"$(inherited)",
					"@executable_path/Frameworks",
				);
				PRODUCT_BUNDLE_IDENTIFIER = kr.codesquard.IWalkU;
				PRODUCT_NAME = "$(TARGET_NAME)";
				SWIFT_VERSION = 5.0;
				TARGETED_DEVICE_FAMILY = "1,2";
			};
			name = Release;
		};
/* End XCBuildConfiguration section */

/* Begin XCConfigurationList section */
		C58DC299232E4C17008D156D /* Build configuration list for PBXProject "IWalkU" */ = {
			isa = XCConfigurationList;
			buildConfigurations = (
				C58DC2AE232E4C1B008D156D /* Debug */,
				C58DC2AF232E4C1B008D156D /* Release */,
			);
			defaultConfigurationIsVisible = 0;
			defaultConfigurationName = Release;
		};
		C58DC2B0232E4C1B008D156D /* Build configuration list for PBXNativeTarget "IWalkU" */ = {
			isa = XCConfigurationList;
			buildConfigurations = (
				C58DC2B1232E4C1B008D156D /* Debug */,
				C58DC2B2232E4C1B008D156D /* Release */,
			);
			defaultConfigurationIsVisible = 0;
			defaultConfigurationName = Release;
		};
/* End XCConfigurationList section */
	};
	rootObject = C58DC296232E4C17008D156D /* Project object */;
}
